
Microsoft Visual Studio Solution File, Format Version 12.00
Project("{FAE04EC0-301F-11D3-BF4B-00C04F79EFBC}") = "Cli", "Cli\Cli.csproj", "{5DD5642A-8324-48EC-820A-FCCD85057FA1}"
EndProject
Project("{FAE04EC0-301F-11D3-BF4B-00C04F79EFBC}") = "CliCommands", "CliCommands\CliCommands.csproj", "{441C799A-E56E-4FE4-94E2-DC4E511119C7}"
EndProject
Project("{2150E333-8FDC-42A3-9474-1A3956D46DE8}") = "Tests", "Tests", "{5D2E66F6-B020-44BB-ACBE-5F9CFD77BBBE}"
EndProject
Project("{FAE04EC0-301F-11D3-BF4B-00C04F79EFBC}") = "CliCommands.Tests.Unit", "Tests\CliCommands.Tests.Unit\CliCommands.Tests.Unit.csproj", "{1392848C-A6A6-401D-A156-452C011C22CD}"
EndProject
Project("{FAE04EC0-301F-11D3-BF4B-00C04F79EFBC}") = "Templating", "Templating\Templating.csproj", "{A507CE0F-B569-4737-A537-88E1B20CF220}"
EndProject
Project("{FAE04EC0-301F-11D3-BF4B-00C04F79EFBC}") = "Templating.Tests.Unit", "Tests\Templating.Tests.Unit\Templating.Tests.Unit.csproj", "{0F70FD80-7020-4617-9758-1E466AAD878A}"
EndProject
Project("{FAE04EC0-301F-11D3-BF4B-00C04F79EFBC}") = "DocFx.CliCommands", "DocFx.CliCommands\DocFx.CliCommands.csproj", "{0349D9C2-E330-49E6-B024-479C651F66EF}"
EndProject
Project("{FAE04EC0-301F-11D3-BF4B-00C04F79EFBC}") = "DocFx.CliCommands.Tests.Unit", "Tests\DocFx.CliCommands.Tests.Unit\DocFx.CliCommands.Tests.Unit.csproj", "{7BFB2FBA-C552-4D75-9060-2AB1B32827CA}"
EndProject
Project("{FAE04EC0-301F-11D3-BF4B-00C04F79EFBC}") = "Architecture.CliCommands", "Architecture.CliCommands\Architecture.CliCommands.csproj", "{E8D4BC67-A718-4946-90DB-8472430BB5D7}"
EndProject
Project("{FAE04EC0-301F-11D3-BF4B-00C04F79EFBC}") = "Architecture.CliCommands.Tests.Unit", "Tests\Architecture.CliCommands.Tests.Unit\Architecture.CliCommands.Tests.Unit.csproj", "{D94EA6F3-5DAB-4B35-8048-376FF78AE839}"
EndProject
Project("{FAE04EC0-301F-11D3-BF4B-00C04F79EFBC}") = "Architecture.Tools", "Architecture.Tools\Architecture.Tools.csproj", "{F79F758A-A2DD-4518-B5D6-0732023E3739}"
EndProject
Project("{FAE04EC0-301F-11D3-BF4B-00C04F79EFBC}") = "Architecture.Tools.Tests.Unit", "Tests\Architecture.Tools.Tests.Unit\Architecture.Tools.Tests.Unit.csproj", "{B458AB5D-A68D-4FE4-80A9-C2A9D7F1C850}"
EndProject
Project("{FAE04EC0-301F-11D3-BF4B-00C04F79EFBC}") = "Git.Tools", "Git.Tools\Git.Tools.csproj", "{72384D5D-A6B1-4365-ADF3-81FA67D639A7}"
EndProject
Project("{FAE04EC0-301F-11D3-BF4B-00C04F79EFBC}") = "Git.Tools.Tests.Unit", "Tests\Git.Tools.Tests.Unit\Git.Tools.Tests.Unit.csproj", "{166607D2-E417-46EF-8695-45DBEFA37308}"
EndProject
Project("{FAE04EC0-301F-11D3-BF4B-00C04F79EFBC}") = "Git.CliCommands", "Git.CliCommands\Git.CliCommands.csproj", "{3287290C-270C-4B5E-8973-B7D16B07128E}"
EndProject
Project("{FAE04EC0-301F-11D3-BF4B-00C04F79EFBC}") = "Git.CliCommands.Tests.Unit", "Tests\Git.CliCommands.Tests.Unit\Git.CliCommands.Tests.Unit.csproj", "{FC46EBA9-E3DF-4A83-A469-E628F56F363A}"
EndProject
Project("{FAE04EC0-301F-11D3-BF4B-00C04F79EFBC}") = "Templating.CliCommands", "Templating.CliCommands\Templating.CliCommands.csproj", "{B059FD36-769C-4898-AA73-B9B87C36DBE3}"
EndProject
Project("{FAE04EC0-301F-11D3-BF4B-00C04F79EFBC}") = "Templating.CliCommands.Tests.Unit", "Tests\Templating.CliCommands.Tests.Unit\Templating.CliCommands.Tests.Unit.csproj", "{94D5D1B9-0496-4870-B540-B7E6E6F63634}"
EndProject
Project("{FAE04EC0-301F-11D3-BF4B-00C04F79EFBC}") = "DotNet.CliCommands", "DotNet.CliCommands\DotNet.CliCommands\DotNet.CliCommands.csproj", "{6D3B2183-7C9F-4077-AE9A-33B4EFE3C2F6}"
EndProject
Project("{FAE04EC0-301F-11D3-BF4B-00C04F79EFBC}") = "DotNet.CliCommands.Tests.Unit", "Tests\DotNet.CliCommands.Tests.Unit\DotNet.CliCommands.Tests.Unit.csproj", "{D71616EB-E313-41B8-96C4-3206285BA3AA}"
EndProject
Global
	GlobalSection(SolutionConfigurationPlatforms) = preSolution
		Debug|Any CPU = Debug|Any CPU
		Release|Any CPU = Release|Any CPU
	EndGlobalSection
	GlobalSection(ProjectConfigurationPlatforms) = postSolution
		{5DD5642A-8324-48EC-820A-FCCD85057FA1}.Debug|Any CPU.ActiveCfg = Debug|Any CPU
		{5DD5642A-8324-48EC-820A-FCCD85057FA1}.Debug|Any CPU.Build.0 = Debug|Any CPU
		{5DD5642A-8324-48EC-820A-FCCD85057FA1}.Release|Any CPU.ActiveCfg = Release|Any CPU
		{5DD5642A-8324-48EC-820A-FCCD85057FA1}.Release|Any CPU.Build.0 = Release|Any CPU
		{441C799A-E56E-4FE4-94E2-DC4E511119C7}.Debug|Any CPU.ActiveCfg = Debug|Any CPU
		{441C799A-E56E-4FE4-94E2-DC4E511119C7}.Debug|Any CPU.Build.0 = Debug|Any CPU
		{441C799A-E56E-4FE4-94E2-DC4E511119C7}.Release|Any CPU.ActiveCfg = Release|Any CPU
		{441C799A-E56E-4FE4-94E2-DC4E511119C7}.Release|Any CPU.Build.0 = Release|Any CPU
		{1392848C-A6A6-401D-A156-452C011C22CD}.Debug|Any CPU.ActiveCfg = Debug|Any CPU
		{1392848C-A6A6-401D-A156-452C011C22CD}.Debug|Any CPU.Build.0 = Debug|Any CPU
		{1392848C-A6A6-401D-A156-452C011C22CD}.Release|Any CPU.ActiveCfg = Release|Any CPU
		{1392848C-A6A6-401D-A156-452C011C22CD}.Release|Any CPU.Build.0 = Release|Any CPU
		{A507CE0F-B569-4737-A537-88E1B20CF220}.Debug|Any CPU.ActiveCfg = Debug|Any CPU
		{A507CE0F-B569-4737-A537-88E1B20CF220}.Debug|Any CPU.Build.0 = Debug|Any CPU
		{A507CE0F-B569-4737-A537-88E1B20CF220}.Release|Any CPU.ActiveCfg = Release|Any CPU
		{A507CE0F-B569-4737-A537-88E1B20CF220}.Release|Any CPU.Build.0 = Release|Any CPU
		{0F70FD80-7020-4617-9758-1E466AAD878A}.Debug|Any CPU.ActiveCfg = Debug|Any CPU
		{0F70FD80-7020-4617-9758-1E466AAD878A}.Debug|Any CPU.Build.0 = Debug|Any CPU
		{0F70FD80-7020-4617-9758-1E466AAD878A}.Release|Any CPU.ActiveCfg = Release|Any CPU
		{0F70FD80-7020-4617-9758-1E466AAD878A}.Release|Any CPU.Build.0 = Release|Any CPU
		{0349D9C2-E330-49E6-B024-479C651F66EF}.Debug|Any CPU.ActiveCfg = Debug|Any CPU
		{0349D9C2-E330-49E6-B024-479C651F66EF}.Debug|Any CPU.Build.0 = Debug|Any CPU
		{0349D9C2-E330-49E6-B024-479C651F66EF}.Release|Any CPU.ActiveCfg = Release|Any CPU
		{0349D9C2-E330-49E6-B024-479C651F66EF}.Release|Any CPU.Build.0 = Release|Any CPU
		{7BFB2FBA-C552-4D75-9060-2AB1B32827CA}.Debug|Any CPU.ActiveCfg = Debug|Any CPU
		{7BFB2FBA-C552-4D75-9060-2AB1B32827CA}.Debug|Any CPU.Build.0 = Debug|Any CPU
		{7BFB2FBA-C552-4D75-9060-2AB1B32827CA}.Release|Any CPU.ActiveCfg = Release|Any CPU
		{7BFB2FBA-C552-4D75-9060-2AB1B32827CA}.Release|Any CPU.Build.0 = Release|Any CPU
		{E8D4BC67-A718-4946-90DB-8472430BB5D7}.Debug|Any CPU.ActiveCfg = Debug|Any CPU
		{E8D4BC67-A718-4946-90DB-8472430BB5D7}.Debug|Any CPU.Build.0 = Debug|Any CPU
		{E8D4BC67-A718-4946-90DB-8472430BB5D7}.Release|Any CPU.ActiveCfg = Release|Any CPU
		{E8D4BC67-A718-4946-90DB-8472430BB5D7}.Release|Any CPU.Build.0 = Release|Any CPU
		{D94EA6F3-5DAB-4B35-8048-376FF78AE839}.Debug|Any CPU.ActiveCfg = Debug|Any CPU
		{D94EA6F3-5DAB-4B35-8048-376FF78AE839}.Debug|Any CPU.Build.0 = Debug|Any CPU
		{D94EA6F3-5DAB-4B35-8048-376FF78AE839}.Release|Any CPU.ActiveCfg = Release|Any CPU
		{D94EA6F3-5DAB-4B35-8048-376FF78AE839}.Release|Any CPU.Build.0 = Release|Any CPU
		{F79F758A-A2DD-4518-B5D6-0732023E3739}.Debug|Any CPU.ActiveCfg = Debug|Any CPU
		{F79F758A-A2DD-4518-B5D6-0732023E3739}.Debug|Any CPU.Build.0 = Debug|Any CPU
		{F79F758A-A2DD-4518-B5D6-0732023E3739}.Release|Any CPU.ActiveCfg = Release|Any CPU
		{F79F758A-A2DD-4518-B5D6-0732023E3739}.Release|Any CPU.Build.0 = Release|Any CPU
		{B458AB5D-A68D-4FE4-80A9-C2A9D7F1C850}.Debug|Any CPU.ActiveCfg = Debug|Any CPU
		{B458AB5D-A68D-4FE4-80A9-C2A9D7F1C850}.Debug|Any CPU.Build.0 = Debug|Any CPU
		{B458AB5D-A68D-4FE4-80A9-C2A9D7F1C850}.Release|Any CPU.ActiveCfg = Release|Any CPU
		{B458AB5D-A68D-4FE4-80A9-C2A9D7F1C850}.Release|Any CPU.Build.0 = Release|Any CPU
		{72384D5D-A6B1-4365-ADF3-81FA67D639A7}.Debug|Any CPU.ActiveCfg = Debug|Any CPU
		{72384D5D-A6B1-4365-ADF3-81FA67D639A7}.Debug|Any CPU.Build.0 = Debug|Any CPU
		{72384D5D-A6B1-4365-ADF3-81FA67D639A7}.Release|Any CPU.ActiveCfg = Release|Any CPU
		{72384D5D-A6B1-4365-ADF3-81FA67D639A7}.Release|Any CPU.Build.0 = Release|Any CPU
		{166607D2-E417-46EF-8695-45DBEFA37308}.Debug|Any CPU.ActiveCfg = Debug|Any CPU
		{166607D2-E417-46EF-8695-45DBEFA37308}.Debug|Any CPU.Build.0 = Debug|Any CPU
		{166607D2-E417-46EF-8695-45DBEFA37308}.Release|Any CPU.ActiveCfg = Release|Any CPU
		{166607D2-E417-46EF-8695-45DBEFA37308}.Release|Any CPU.Build.0 = Release|Any CPU
		{3287290C-270C-4B5E-8973-B7D16B07128E}.Debug|Any CPU.ActiveCfg = Debug|Any CPU
		{3287290C-270C-4B5E-8973-B7D16B07128E}.Debug|Any CPU.Build.0 = Debug|Any CPU
		{3287290C-270C-4B5E-8973-B7D16B07128E}.Release|Any CPU.ActiveCfg = Release|Any CPU
		{3287290C-270C-4B5E-8973-B7D16B07128E}.Release|Any CPU.Build.0 = Release|Any CPU
		{FC46EBA9-E3DF-4A83-A469-E628F56F363A}.Debug|Any CPU.ActiveCfg = Debug|Any CPU
		{FC46EBA9-E3DF-4A83-A469-E628F56F363A}.Debug|Any CPU.Build.0 = Debug|Any CPU
		{FC46EBA9-E3DF-4A83-A469-E628F56F363A}.Release|Any CPU.ActiveCfg = Release|Any CPU
		{FC46EBA9-E3DF-4A83-A469-E628F56F363A}.Release|Any CPU.Build.0 = Release|Any CPU
		{B059FD36-769C-4898-AA73-B9B87C36DBE3}.Debug|Any CPU.ActiveCfg = Debug|Any CPU
		{B059FD36-769C-4898-AA73-B9B87C36DBE3}.Debug|Any CPU.Build.0 = Debug|Any CPU
		{B059FD36-769C-4898-AA73-B9B87C36DBE3}.Release|Any CPU.ActiveCfg = Release|Any CPU
		{B059FD36-769C-4898-AA73-B9B87C36DBE3}.Release|Any CPU.Build.0 = Release|Any CPU
		{94D5D1B9-0496-4870-B540-B7E6E6F63634}.Debug|Any CPU.ActiveCfg = Debug|Any CPU
		{94D5D1B9-0496-4870-B540-B7E6E6F63634}.Debug|Any CPU.Build.0 = Debug|Any CPU
		{94D5D1B9-0496-4870-B540-B7E6E6F63634}.Release|Any CPU.ActiveCfg = Release|Any CPU
		{94D5D1B9-0496-4870-B540-B7E6E6F63634}.Release|Any CPU.Build.0 = Release|Any CPU
		{6D3B2183-7C9F-4077-AE9A-33B4EFE3C2F6}.Debug|Any CPU.ActiveCfg = Debug|Any CPU
		{6D3B2183-7C9F-4077-AE9A-33B4EFE3C2F6}.Debug|Any CPU.Build.0 = Debug|Any CPU
		{6D3B2183-7C9F-4077-AE9A-33B4EFE3C2F6}.Release|Any CPU.ActiveCfg = Release|Any CPU
		{6D3B2183-7C9F-4077-AE9A-33B4EFE3C2F6}.Release|Any CPU.Build.0 = Release|Any CPU
		{D71616EB-E313-41B8-96C4-3206285BA3AA}.Debug|Any CPU.ActiveCfg = Debug|Any CPU
		{D71616EB-E313-41B8-96C4-3206285BA3AA}.Debug|Any CPU.Build.0 = Debug|Any CPU
		{D71616EB-E313-41B8-96C4-3206285BA3AA}.Release|Any CPU.ActiveCfg = Release|Any CPU
		{D71616EB-E313-41B8-96C4-3206285BA3AA}.Release|Any CPU.Build.0 = Release|Any CPU
	EndGlobalSection
	GlobalSection(NestedProjects) = preSolution
		{1392848C-A6A6-401D-A156-452C011C22CD} = {5D2E66F6-B020-44BB-ACBE-5F9CFD77BBBE}
		{0F70FD80-7020-4617-9758-1E466AAD878A} = {5D2E66F6-B020-44BB-ACBE-5F9CFD77BBBE}
		{7BFB2FBA-C552-4D75-9060-2AB1B32827CA} = {5D2E66F6-B020-44BB-ACBE-5F9CFD77BBBE}
		{D94EA6F3-5DAB-4B35-8048-376FF78AE839} = {5D2E66F6-B020-44BB-ACBE-5F9CFD77BBBE}
		{B458AB5D-A68D-4FE4-80A9-C2A9D7F1C850} = {5D2E66F6-B020-44BB-ACBE-5F9CFD77BBBE}
		{166607D2-E417-46EF-8695-45DBEFA37308} = {5D2E66F6-B020-44BB-ACBE-5F9CFD77BBBE}
		{FC46EBA9-E3DF-4A83-A469-E628F56F363A} = {5D2E66F6-B020-44BB-ACBE-5F9CFD77BBBE}
		{94D5D1B9-0496-4870-B540-B7E6E6F63634} = {5D2E66F6-B020-44BB-ACBE-5F9CFD77BBBE}
		{D71616EB-E313-41B8-96C4-3206285BA3AA} = {5D2E66F6-B020-44BB-ACBE-5F9CFD77BBBE}
	EndGlobalSection
EndGlobal
