
Microsoft Visual Studio Solution File, Format Version 12.00
Project("{FAE04EC0-301F-11D3-BF4B-00C04F79EFBC}") = "Cli", "Cli\Cli.csproj", "{5DD5642A-8324-48EC-820A-FCCD85057FA1}"
EndProject
Project("{FAE04EC0-301F-11D3-BF4B-00C04F79EFBC}") = "CliCommands", "CliCommands\CliCommands.csproj", "{441C799A-E56E-4FE4-94E2-DC4E511119C7}"
EndProject
Global
	GlobalSection(SolutionConfigurationPlatforms) = preSolution
		Debug|Any CPU = Debug|Any CPU
		Release|Any CPU = Release|Any CPU
	EndGlobalSection
	GlobalSection(ProjectConfigurationPlatforms) = postSolution
		{5DD5642A-8324-48EC-820A-FCCD85057FA1}.Debug|Any CPU.ActiveCfg = Debug|Any CPU
		{5DD5642A-8324-48EC-820A-FCCD85057FA1}.Debug|Any CPU.Build.0 = Debug|Any CPU
		{5DD5642A-8324-48EC-820A-FCCD85057FA1}.Release|Any CPU.ActiveCfg = Release|Any CPU
		{5DD5642A-8324-48EC-820A-FCCD85057FA1}.Release|Any CPU.Build.0 = Release|Any CPU
		{441C799A-E56E-4FE4-94E2-DC4E511119C7}.Debug|Any CPU.ActiveCfg = Debug|Any CPU
		{441C799A-E56E-4FE4-94E2-DC4E511119C7}.Debug|Any CPU.Build.0 = Debug|Any CPU
		{441C799A-E56E-4FE4-94E2-DC4E511119C7}.Release|Any CPU.ActiveCfg = Release|Any CPU
		{441C799A-E56E-4FE4-94E2-DC4E511119C7}.Release|Any CPU.Build.0 = Release|Any CPU
	EndGlobalSection
EndGlobal
